
Microsoft Visual Studio Solution File, Format Version 12.00
# Visual Studio 14
VisualStudioVersion = 14.0.24720.0
MinimumVisualStudioVersion = 10.0.40219.1
Project("{FAE04EC0-301F-11D3-BF4B-00C04F79EFBC}") = "CaptureKinectStream", "CaptureKinectStream\CaptureKinectStream.csproj", "{42E7BB99-4916-40CE-8114-FF889FEE46DD}"
EndProject
Project("{FAE04EC0-301F-11D3-BF4B-00C04F79EFBC}") = "test", "test\test.csproj", "{E70CBD90-656B-40DC-A716-26E83E90085A}"
EndProject
Project("{FAE04EC0-301F-11D3-BF4B-00C04F79EFBC}") = "KinectStream", "KinectDummy\KinectStream.csproj", "{D0D0C22A-AB76-4B1F-8CD6-5DAE42396B62}"
EndProject
Global
	GlobalSection(SolutionConfigurationPlatforms) = preSolution
		Debug|Any CPU = Debug|Any CPU
		Release|Any CPU = Release|Any CPU
	EndGlobalSection
	GlobalSection(ProjectConfigurationPlatforms) = postSolution
		{42E7BB99-4916-40CE-8114-FF889FEE46DD}.Debug|Any CPU.ActiveCfg = Debug|Any CPU
		{42E7BB99-4916-40CE-8114-FF889FEE46DD}.Debug|Any CPU.Build.0 = Debug|Any CPU
		{42E7BB99-4916-40CE-8114-FF889FEE46DD}.Release|Any CPU.ActiveCfg = Release|Any CPU
		{42E7BB99-4916-40CE-8114-FF889FEE46DD}.Release|Any CPU.Build.0 = Release|Any CPU
		{E70CBD90-656B-40DC-A716-26E83E90085A}.Debug|Any CPU.ActiveCfg = Debug|Any CPU
		{E70CBD90-656B-40DC-A716-26E83E90085A}.Debug|Any CPU.Build.0 = Debug|Any CPU
		{E70CBD90-656B-40DC-A716-26E83E90085A}.Release|Any CPU.ActiveCfg = Release|Any CPU
		{E70CBD90-656B-40DC-A716-26E83E90085A}.Release|Any CPU.Build.0 = Release|Any CPU
		{D0D0C22A-AB76-4B1F-8CD6-5DAE42396B62}.Debug|Any CPU.ActiveCfg = Debug|Any CPU
		{D0D0C22A-AB76-4B1F-8CD6-5DAE42396B62}.Debug|Any CPU.Build.0 = Debug|Any CPU
		{D0D0C22A-AB76-4B1F-8CD6-5DAE42396B62}.Release|Any CPU.ActiveCfg = Release|Any CPU
		{D0D0C22A-AB76-4B1F-8CD6-5DAE42396B62}.Release|Any CPU.Build.0 = Release|Any CPU
	EndGlobalSection
	GlobalSection(SolutionProperties) = preSolution
		HideSolutionNode = FALSE
	EndGlobalSection
EndGlobal
